
Microsoft Visual Studio Solution File, Format Version 12.00
# Visual Studio 15
VisualStudioVersion = 15.0.26430.6
MinimumVisualStudioVersion = 10.0.40219.1
Project("{A07B5EB6-E848-4116-A8D0-A826331D98C6}") = "Application2", "Application2\Application2.sfproj", "{C959353E-8416-493E-8E8D-B534C2232824}"
EndProject
Project("{FAE04EC0-301F-11D3-BF4B-00C04F79EFBC}") = "WebApi1", "WebApi1\WebApi1.csproj", "{1F2F4DDE-9093-4B95-9112-D3B1328DB838}"
EndProject
Project("{FAE04EC0-301F-11D3-BF4B-00C04F79EFBC}") = "Stateless1", "Stateless1\Stateless1.csproj", "{07937962-4FAF-4535-A647-AF3EC62DFE6B}"
EndProject
Global
	GlobalSection(SolutionConfigurationPlatforms) = preSolution
		Debug|Any CPU = Debug|Any CPU
		Debug|x64 = Debug|x64
		Release|Any CPU = Release|Any CPU
		Release|x64 = Release|x64
	EndGlobalSection
	GlobalSection(ProjectConfigurationPlatforms) = postSolution
		{C959353E-8416-493E-8E8D-B534C2232824}.Debug|Any CPU.ActiveCfg = Debug|x64
		{C959353E-8416-493E-8E8D-B534C2232824}.Debug|x64.ActiveCfg = Debug|x64
		{C959353E-8416-493E-8E8D-B534C2232824}.Debug|x64.Build.0 = Debug|x64
		{C959353E-8416-493E-8E8D-B534C2232824}.Debug|x64.Deploy.0 = Debug|x64
		{C959353E-8416-493E-8E8D-B534C2232824}.Release|Any CPU.ActiveCfg = Release|x64
		{C959353E-8416-493E-8E8D-B534C2232824}.Release|x64.ActiveCfg = Release|x64
		{C959353E-8416-493E-8E8D-B534C2232824}.Release|x64.Build.0 = Release|x64
		{C959353E-8416-493E-8E8D-B534C2232824}.Release|x64.Deploy.0 = Release|x64
		{1F2F4DDE-9093-4B95-9112-D3B1328DB838}.Debug|Any CPU.ActiveCfg = Debug|x64
		{1F2F4DDE-9093-4B95-9112-D3B1328DB838}.Debug|x64.ActiveCfg = Debug|x64
		{1F2F4DDE-9093-4B95-9112-D3B1328DB838}.Debug|x64.Build.0 = Debug|x64
		{1F2F4DDE-9093-4B95-9112-D3B1328DB838}.Release|Any CPU.ActiveCfg = Release|x64
		{1F2F4DDE-9093-4B95-9112-D3B1328DB838}.Release|x64.ActiveCfg = Release|x64
		{1F2F4DDE-9093-4B95-9112-D3B1328DB838}.Release|x64.Build.0 = Release|x64
		{07937962-4FAF-4535-A647-AF3EC62DFE6B}.Debug|Any CPU.ActiveCfg = Debug|x64
		{07937962-4FAF-4535-A647-AF3EC62DFE6B}.Debug|x64.ActiveCfg = Debug|x64
		{07937962-4FAF-4535-A647-AF3EC62DFE6B}.Debug|x64.Build.0 = Debug|x64
		{07937962-4FAF-4535-A647-AF3EC62DFE6B}.Release|Any CPU.ActiveCfg = Release|x64
		{07937962-4FAF-4535-A647-AF3EC62DFE6B}.Release|x64.ActiveCfg = Release|x64
		{07937962-4FAF-4535-A647-AF3EC62DFE6B}.Release|x64.Build.0 = Release|x64
	EndGlobalSection
	GlobalSection(SolutionProperties) = preSolution
		HideSolutionNode = FALSE
	EndGlobalSection
EndGlobal
